// !$*UTF8*$!
{
	archiveVersion = 1;
	classes = {
	};
	objectVersion = 50;
	objects = {

/* Begin PBXBuildFile section */
		FA9EA6B922393C50001FB5F3 /* AppDelegate.swift in Sources */ = {isa = PBXBuildFile; fileRef = FA9EA6B822393C50001FB5F3 /* AppDelegate.swift */; };
		FA9EA6BB22393C50001FB5F3 /* ChartsViewController.swift in Sources */ = {isa = PBXBuildFile; fileRef = FA9EA6BA22393C50001FB5F3 /* ChartsViewController.swift */; };
		FA9EA6C022393C51001FB5F3 /* Assets.xcassets in Resources */ = {isa = PBXBuildFile; fileRef = FA9EA6BF22393C51001FB5F3 /* Assets.xcassets */; };
		FA9EA6C322393C51001FB5F3 /* LaunchScreen.storyboard in Resources */ = {isa = PBXBuildFile; fileRef = FA9EA6C122393C51001FB5F3 /* LaunchScreen.storyboard */; };
		FA9EA6CB22393FFB001FB5F3 /* chart_data.json in Resources */ = {isa = PBXBuildFile; fileRef = FA9EA6CA22393FFB001FB5F3 /* chart_data.json */; };
		FA9EA6CE2239414B001FB5F3 /* ChartData.swift in Sources */ = {isa = PBXBuildFile; fileRef = FA9EA6CD2239414B001FB5F3 /* ChartData.swift */; };
		FA9EA6D3223946C4001FB5F3 /* Configurable.swift in Sources */ = {isa = PBXBuildFile; fileRef = FA9EA6D1223946C4001FB5F3 /* Configurable.swift */; };
		FA9EA6D4223946C4001FB5F3 /* MakeView.swift in Sources */ = {isa = PBXBuildFile; fileRef = FA9EA6D2223946C4001FB5F3 /* MakeView.swift */; };
		FA9EA6D62239470F001FB5F3 /* UITableView+Register.swift in Sources */ = {isa = PBXBuildFile; fileRef = FA9EA6D52239470F001FB5F3 /* UITableView+Register.swift */; };
		FA9EA6D822394717001FB5F3 /* UIColor+Hex.swift in Sources */ = {isa = PBXBuildFile; fileRef = FA9EA6D722394717001FB5F3 /* UIColor+Hex.swift */; };
		FA9EA6DB22394721001FB5F3 /* NSLayoutConstraint+Priority.swift in Sources */ = {isa = PBXBuildFile; fileRef = FA9EA6D922394721001FB5F3 /* NSLayoutConstraint+Priority.swift */; };
		FA9EA6DC22394721001FB5F3 /* NSLayoutConstraint+Activate.swift in Sources */ = {isa = PBXBuildFile; fileRef = FA9EA6DA22394721001FB5F3 /* NSLayoutConstraint+Activate.swift */; };
		FA9EA6DE2239479B001FB5F3 /* DynamicCodingKey.swift in Sources */ = {isa = PBXBuildFile; fileRef = FA9EA6DD2239479B001FB5F3 /* DynamicCodingKey.swift */; };
		FA9EA6E122396737001FB5F3 /* ChartView.swift in Sources */ = {isa = PBXBuildFile; fileRef = FA9EA6E022396737001FB5F3 /* ChartView.swift */; };
		FA9EA6E32239681B001FB5F3 /* LineSelector.swift in Sources */ = {isa = PBXBuildFile; fileRef = FA9EA6E22239681B001FB5F3 /* LineSelector.swift */; };
		FA9EA6E5223968A2001FB5F3 /* LineTableViewCell.swift in Sources */ = {isa = PBXBuildFile; fileRef = FA9EA6E4223968A2001FB5F3 /* LineTableViewCell.swift */; };
/* End PBXBuildFile section */

/* Begin PBXFileReference section */
		FA9EA6B522393C50001FB5F3 /* BeautifulCharts.app */ = {isa = PBXFileReference; explicitFileType = wrapper.application; includeInIndex = 0; path = BeautifulCharts.app; sourceTree = BUILT_PRODUCTS_DIR; };
		FA9EA6B822393C50001FB5F3 /* AppDelegate.swift */ = {isa = PBXFileReference; lastKnownFileType = sourcecode.swift; path = AppDelegate.swift; sourceTree = "<group>"; };
		FA9EA6BA22393C50001FB5F3 /* ChartsViewController.swift */ = {isa = PBXFileReference; lastKnownFileType = sourcecode.swift; path = ChartsViewController.swift; sourceTree = "<group>"; };
		FA9EA6BF22393C51001FB5F3 /* Assets.xcassets */ = {isa = PBXFileReference; lastKnownFileType = folder.assetcatalog; path = Assets.xcassets; sourceTree = "<group>"; };
		FA9EA6C222393C51001FB5F3 /* Base */ = {isa = PBXFileReference; lastKnownFileType = file.storyboard; name = Base; path = Base.lproj/LaunchScreen.storyboard; sourceTree = "<group>"; };
		FA9EA6C422393C51001FB5F3 /* Info.plist */ = {isa = PBXFileReference; lastKnownFileType = text.plist.xml; path = Info.plist; sourceTree = "<group>"; };
		FA9EA6CA22393FFB001FB5F3 /* chart_data.json */ = {isa = PBXFileReference; fileEncoding = 4; lastKnownFileType = text.json; path = chart_data.json; sourceTree = "<group>"; };
		FA9EA6CD2239414B001FB5F3 /* ChartData.swift */ = {isa = PBXFileReference; lastKnownFileType = sourcecode.swift; path = ChartData.swift; sourceTree = "<group>"; };
		FA9EA6D1223946C4001FB5F3 /* Configurable.swift */ = {isa = PBXFileReference; fileEncoding = 4; lastKnownFileType = sourcecode.swift; path = Configurable.swift; sourceTree = "<group>"; };
		FA9EA6D2223946C4001FB5F3 /* MakeView.swift */ = {isa = PBXFileReference; fileEncoding = 4; lastKnownFileType = sourcecode.swift; path = MakeView.swift; sourceTree = "<group>"; };
		FA9EA6D52239470F001FB5F3 /* UITableView+Register.swift */ = {isa = PBXFileReference; fileEncoding = 4; lastKnownFileType = sourcecode.swift; path = "UITableView+Register.swift"; sourceTree = "<group>"; };
		FA9EA6D722394717001FB5F3 /* UIColor+Hex.swift */ = {isa = PBXFileReference; fileEncoding = 4; lastKnownFileType = sourcecode.swift; path = "UIColor+Hex.swift"; sourceTree = "<group>"; };
		FA9EA6D922394721001FB5F3 /* NSLayoutConstraint+Priority.swift */ = {isa = PBXFileReference; fileEncoding = 4; lastKnownFileType = sourcecode.swift; path = "NSLayoutConstraint+Priority.swift"; sourceTree = "<group>"; };
		FA9EA6DA22394721001FB5F3 /* NSLayoutConstraint+Activate.swift */ = {isa = PBXFileReference; fileEncoding = 4; lastKnownFileType = sourcecode.swift; path = "NSLayoutConstraint+Activate.swift"; sourceTree = "<group>"; };
		FA9EA6DD2239479B001FB5F3 /* DynamicCodingKey.swift */ = {isa = PBXFileReference; lastKnownFileType = sourcecode.swift; path = DynamicCodingKey.swift; sourceTree = "<group>"; };
		FA9EA6E022396737001FB5F3 /* ChartView.swift */ = {isa = PBXFileReference; lastKnownFileType = sourcecode.swift; path = ChartView.swift; sourceTree = "<group>"; };
		FA9EA6E22239681B001FB5F3 /* LineSelector.swift */ = {isa = PBXFileReference; lastKnownFileType = sourcecode.swift; path = LineSelector.swift; sourceTree = "<group>"; };
		FA9EA6E4223968A2001FB5F3 /* LineTableViewCell.swift */ = {isa = PBXFileReference; lastKnownFileType = sourcecode.swift; path = LineTableViewCell.swift; sourceTree = "<group>"; };
/* End PBXFileReference section */

/* Begin PBXFrameworksBuildPhase section */
		FA9EA6B222393C50001FB5F3 /* Frameworks */ = {
			isa = PBXFrameworksBuildPhase;
			buildActionMask = 2147483647;
			files = (
			);
			runOnlyForDeploymentPostprocessing = 0;
		};
/* End PBXFrameworksBuildPhase section */

/* Begin PBXGroup section */
		FA9EA6AC22393C50001FB5F3 = {
			isa = PBXGroup;
			children = (
				FA9EA6B722393C50001FB5F3 /* BeautifulCharts */,
				FA9EA6B622393C50001FB5F3 /* Products */,
			);
			sourceTree = "<group>";
		};
		FA9EA6B622393C50001FB5F3 /* Products */ = {
			isa = PBXGroup;
			children = (
				FA9EA6B522393C50001FB5F3 /* BeautifulCharts.app */,
			);
			name = Products;
			sourceTree = "<group>";
		};
		FA9EA6B722393C50001FB5F3 /* BeautifulCharts */ = {
			isa = PBXGroup;
			children = (
				FA9EA6D022394674001FB5F3 /* Extensions */,
				FA9EA6CF2239466E001FB5F3 /* Utils */,
				FA9EA6CC2239401A001FB5F3 /* Chart */,
				FA9EA6B822393C50001FB5F3 /* AppDelegate.swift */,
				FA9EA6BA22393C50001FB5F3 /* ChartsViewController.swift */,
				FA9EA6CA22393FFB001FB5F3 /* chart_data.json */,
				FA9EA6BF22393C51001FB5F3 /* Assets.xcassets */,
				FA9EA6C122393C51001FB5F3 /* LaunchScreen.storyboard */,
				FA9EA6C422393C51001FB5F3 /* Info.plist */,
			);
			path = BeautifulCharts;
			sourceTree = "<group>";
		};
		FA9EA6CC2239401A001FB5F3 /* Chart */ = {
			isa = PBXGroup;
			children = (
				FA9EA6DF22396726001FB5F3 /* ChartView */,
				FA9EA6CD2239414B001FB5F3 /* ChartData.swift */,
			);
			path = Chart;
			sourceTree = "<group>";
		};
		FA9EA6CF2239466E001FB5F3 /* Utils */ = {
			isa = PBXGroup;
			children = (
				FA9EA6D1223946C4001FB5F3 /* Configurable.swift */,
				FA9EA6D2223946C4001FB5F3 /* MakeView.swift */,
				FA9EA6DD2239479B001FB5F3 /* DynamicCodingKey.swift */,
			);
			path = Utils;
			sourceTree = "<group>";
		};
		FA9EA6D022394674001FB5F3 /* Extensions */ = {
			isa = PBXGroup;
			children = (
				FA9EA6DA22394721001FB5F3 /* NSLayoutConstraint+Activate.swift */,
				FA9EA6D922394721001FB5F3 /* NSLayoutConstraint+Priority.swift */,
				FA9EA6D52239470F001FB5F3 /* UITableView+Register.swift */,
				FA9EA6D722394717001FB5F3 /* UIColor+Hex.swift */,
			);
			path = Extensions;
			sourceTree = "<group>";
		};
		FA9EA6DF22396726001FB5F3 /* ChartView */ = {
			isa = PBXGroup;
			children = (
				FA9EA6E022396737001FB5F3 /* ChartView.swift */,
				FA9EA6E22239681B001FB5F3 /* LineSelector.swift */,
				FA9EA6E4223968A2001FB5F3 /* LineTableViewCell.swift */,
			);
			path = ChartView;
			sourceTree = "<group>";
		};
/* End PBXGroup section */

/* Begin PBXNativeTarget section */
		FA9EA6B422393C50001FB5F3 /* BeautifulCharts */ = {
			isa = PBXNativeTarget;
			buildConfigurationList = FA9EA6C722393C51001FB5F3 /* Build configuration list for PBXNativeTarget "BeautifulCharts" */;
			buildPhases = (
				FA9EA6B122393C50001FB5F3 /* Sources */,
				FA9EA6B222393C50001FB5F3 /* Frameworks */,
				FA9EA6B322393C50001FB5F3 /* Resources */,
			);
			buildRules = (
			);
			dependencies = (
			);
			name = BeautifulCharts;
			productName = BeautifulCharts;
			productReference = FA9EA6B522393C50001FB5F3 /* BeautifulCharts.app */;
			productType = "com.apple.product-type.application";
		};
/* End PBXNativeTarget section */

/* Begin PBXProject section */
		FA9EA6AD22393C50001FB5F3 /* Project object */ = {
			isa = PBXProject;
			attributes = {
				LastSwiftUpdateCheck = 1010;
				LastUpgradeCheck = 1010;
				ORGANIZATIONNAME = Alexander;
				TargetAttributes = {
					FA9EA6B422393C50001FB5F3 = {
						CreatedOnToolsVersion = 10.1;
					};
				};
			};
			buildConfigurationList = FA9EA6B022393C50001FB5F3 /* Build configuration list for PBXProject "BeautifulCharts" */;
			compatibilityVersion = "Xcode 9.3";
			developmentRegion = en;
			hasScannedForEncodings = 0;
			knownRegions = (
				en,
				Base,
			);
			mainGroup = FA9EA6AC22393C50001FB5F3;
			productRefGroup = FA9EA6B622393C50001FB5F3 /* Products */;
			projectDirPath = "";
			projectRoot = "";
			targets = (
				FA9EA6B422393C50001FB5F3 /* BeautifulCharts */,
			);
		};
/* End PBXProject section */

/* Begin PBXResourcesBuildPhase section */
		FA9EA6B322393C50001FB5F3 /* Resources */ = {
			isa = PBXResourcesBuildPhase;
			buildActionMask = 2147483647;
			files = (
				FA9EA6C322393C51001FB5F3 /* LaunchScreen.storyboard in Resources */,
				FA9EA6C022393C51001FB5F3 /* Assets.xcassets in Resources */,
				FA9EA6CB22393FFB001FB5F3 /* chart_data.json in Resources */,
			);
			runOnlyForDeploymentPostprocessing = 0;
		};
/* End PBXResourcesBuildPhase section */

/* Begin PBXSourcesBuildPhase section */
		FA9EA6B122393C50001FB5F3 /* Sources */ = {
			isa = PBXSourcesBuildPhase;
			buildActionMask = 2147483647;
			files = (
				FA9EA6D822394717001FB5F3 /* UIColor+Hex.swift in Sources */,
				FA9EA6D62239470F001FB5F3 /* UITableView+Register.swift in Sources */,
				FA9EA6D4223946C4001FB5F3 /* MakeView.swift in Sources */,
				FA9EA6DC22394721001FB5F3 /* NSLayoutConstraint+Activate.swift in Sources */,
				FA9EA6BB22393C50001FB5F3 /* ChartsViewController.swift in Sources */,
				FA9EA6CE2239414B001FB5F3 /* ChartData.swift in Sources */,
				FA9EA6D3223946C4001FB5F3 /* Configurable.swift in Sources */,
				FA9EA6E122396737001FB5F3 /* ChartView.swift in Sources */,
				FA9EA6DE2239479B001FB5F3 /* DynamicCodingKey.swift in Sources */,
				FA9EA6B922393C50001FB5F3 /* AppDelegate.swift in Sources */,
				FA9EA6E32239681B001FB5F3 /* LineSelector.swift in Sources */,
				FA9EA6DB22394721001FB5F3 /* NSLayoutConstraint+Priority.swift in Sources */,
				FA9EA6E5223968A2001FB5F3 /* LineTableViewCell.swift in Sources */,
			);
			runOnlyForDeploymentPostprocessing = 0;
		};
/* End PBXSourcesBuildPhase section */

/* Begin PBXVariantGroup section */
		FA9EA6C122393C51001FB5F3 /* LaunchScreen.storyboard */ = {
			isa = PBXVariantGroup;
			children = (
				FA9EA6C222393C51001FB5F3 /* Base */,
			);
			name = LaunchScreen.storyboard;
			sourceTree = "<group>";
		};
/* End PBXVariantGroup section */

/* Begin XCBuildConfiguration section */
		FA9EA6C522393C51001FB5F3 /* Debug */ = {
			isa = XCBuildConfiguration;
			buildSettings = {
				ALWAYS_SEARCH_USER_PATHS = NO;
				CLANG_ANALYZER_NONNULL = YES;
				CLANG_ANALYZER_NUMBER_OBJECT_CONVERSION = YES_AGGRESSIVE;
				CLANG_CXX_LANGUAGE_STANDARD = "gnu++14";
				CLANG_CXX_LIBRARY = "libc++";
				CLANG_ENABLE_MODULES = YES;
				CLANG_ENABLE_OBJC_ARC = YES;
				CLANG_ENABLE_OBJC_WEAK = YES;
				CLANG_WARN_BLOCK_CAPTURE_AUTORELEASING = YES;
				CLANG_WARN_BOOL_CONVERSION = YES;
				CLANG_WARN_COMMA = YES;
				CLANG_WARN_CONSTANT_CONVERSION = YES;
				CLANG_WARN_DEPRECATED_OBJC_IMPLEMENTATIONS = YES;
				CLANG_WARN_DIRECT_OBJC_ISA_USAGE = YES_ERROR;
				CLANG_WARN_DOCUMENTATION_COMMENTS = YES;
				CLANG_WARN_EMPTY_BODY = YES;
				CLANG_WARN_ENUM_CONVERSION = YES;
				CLANG_WARN_INFINITE_RECURSION = YES;
				CLANG_WARN_INT_CONVERSION = YES;
				CLANG_WARN_NON_LITERAL_NULL_CONVERSION = YES;
				CLANG_WARN_OBJC_IMPLICIT_RETAIN_SELF = YES;
				CLANG_WARN_OBJC_LITERAL_CONVERSION = YES;
				CLANG_WARN_OBJC_ROOT_CLASS = YES_ERROR;
				CLANG_WARN_RANGE_LOOP_ANALYSIS = YES;
				CLANG_WARN_STRICT_PROTOTYPES = YES;
				CLANG_WARN_SUSPICIOUS_MOVE = YES;
				CLANG_WARN_UNGUARDED_AVAILABILITY = YES_AGGRESSIVE;
				CLANG_WARN_UNREACHABLE_CODE = YES;
				CLANG_WARN__DUPLICATE_METHOD_MATCH = YES;
				CODE_SIGN_IDENTITY = "iPhone Developer";
				COPY_PHASE_STRIP = NO;
				DEBUG_INFORMATION_FORMAT = dwarf;
				ENABLE_STRICT_OBJC_MSGSEND = YES;
				ENABLE_TESTABILITY = YES;
				GCC_C_LANGUAGE_STANDARD = gnu11;
				GCC_DYNAMIC_NO_PIC = NO;
				GCC_NO_COMMON_BLOCKS = YES;
				GCC_OPTIMIZATION_LEVEL = 0;
				GCC_PREPROCESSOR_DEFINITIONS = (
					"DEBUG=1",
					"$(inherited)",
				);
				GCC_WARN_64_TO_32_BIT_CONVERSION = YES;
				GCC_WARN_ABOUT_RETURN_TYPE = YES_ERROR;
				GCC_WARN_UNDECLARED_SELECTOR = YES;
				GCC_WARN_UNINITIALIZED_AUTOS = YES_AGGRESSIVE;
				GCC_WARN_UNUSED_FUNCTION = YES;
				GCC_WARN_UNUSED_VARIABLE = YES;
				IPHONEOS_DEPLOYMENT_TARGET = 12.1;
				MTL_ENABLE_DEBUG_INFO = INCLUDE_SOURCE;
				MTL_FAST_MATH = YES;
				ONLY_ACTIVE_ARCH = YES;
				SDKROOT = iphoneos;
				SWIFT_ACTIVE_COMPILATION_CONDITIONS = DEBUG;
				SWIFT_OPTIMIZATION_LEVEL = "-Onone";
			};
			name = Debug;
		};
		FA9EA6C622393C51001FB5F3 /* Release */ = {
			isa = XCBuildConfiguration;
			buildSettings = {
				ALWAYS_SEARCH_USER_PATHS = NO;
				CLANG_ANALYZER_NONNULL = YES;
				CLANG_ANALYZER_NUMBER_OBJECT_CONVERSION = YES_AGGRESSIVE;
				CLANG_CXX_LANGUAGE_STANDARD = "gnu++14";
				CLANG_CXX_LIBRARY = "libc++";
				CLANG_ENABLE_MODULES = YES;
				CLANG_ENABLE_OBJC_ARC = YES;
				CLANG_ENABLE_OBJC_WEAK = YES;
				CLANG_WARN_BLOCK_CAPTURE_AUTORELEASING = YES;
				CLANG_WARN_BOOL_CONVERSION = YES;
				CLANG_WARN_COMMA = YES;
				CLANG_WARN_CONSTANT_CONVERSION = YES;
				CLANG_WARN_DEPRECATED_OBJC_IMPLEMENTATIONS = YES;
				CLANG_WARN_DIRECT_OBJC_ISA_USAGE = YES_ERROR;
				CLANG_WARN_DOCUMENTATION_COMMENTS = YES;
				CLANG_WARN_EMPTY_BODY = YES;
				CLANG_WARN_ENUM_CONVERSION = YES;
				CLANG_WARN_INFINITE_RECURSION = YES;
				CLANG_WARN_INT_CONVERSION = YES;
				CLANG_WARN_NON_LITERAL_NULL_CONVERSION = YES;
				CLANG_WARN_OBJC_IMPLICIT_RETAIN_SELF = YES;
				CLANG_WARN_OBJC_LITERAL_CONVERSION = YES;
				CLANG_WARN_OBJC_ROOT_CLASS = YES_ERROR;
				CLANG_WARN_RANGE_LOOP_ANALYSIS = YES;
				CLANG_WARN_STRICT_PROTOTYPES = YES;
				CLANG_WARN_SUSPICIOUS_MOVE = YES;
				CLANG_WARN_UNGUARDED_AVAILABILITY = YES_AGGRESSIVE;
				CLANG_WARN_UNREACHABLE_CODE = YES;
				CLANG_WARN__DUPLICATE_METHOD_MATCH = YES;
				CODE_SIGN_IDENTITY = "iPhone Developer";
				COPY_PHASE_STRIP = NO;
				DEBUG_INFORMATION_FORMAT = "dwarf-with-dsym";
				ENABLE_NS_ASSERTIONS = NO;
				ENABLE_STRICT_OBJC_MSGSEND = YES;
				GCC_C_LANGUAGE_STANDARD = gnu11;
				GCC_NO_COMMON_BLOCKS = YES;
				GCC_WARN_64_TO_32_BIT_CONVERSION = YES;
				GCC_WARN_ABOUT_RETURN_TYPE = YES_ERROR;
				GCC_WARN_UNDECLARED_SELECTOR = YES;
				GCC_WARN_UNINITIALIZED_AUTOS = YES_AGGRESSIVE;
				GCC_WARN_UNUSED_FUNCTION = YES;
				GCC_WARN_UNUSED_VARIABLE = YES;
				IPHONEOS_DEPLOYMENT_TARGET = 12.1;
				MTL_ENABLE_DEBUG_INFO = NO;
				MTL_FAST_MATH = YES;
				SDKROOT = iphoneos;
				SWIFT_COMPILATION_MODE = wholemodule;
				SWIFT_OPTIMIZATION_LEVEL = "-O";
				VALIDATE_PRODUCT = YES;
			};
			name = Release;
		};
		FA9EA6C822393C51001FB5F3 /* Debug */ = {
			isa = XCBuildConfiguration;
			buildSettings = {
				ASSETCATALOG_COMPILER_APPICON_NAME = AppIcon;
				CODE_SIGN_STYLE = Automatic;
				DEVELOPMENT_TEAM = JDQG5G8BQX;
				INFOPLIST_FILE = BeautifulCharts/Info.plist;
				LD_RUNPATH_SEARCH_PATHS = (
					"$(inherited)",
					"@executable_path/Frameworks",
				);
				PRODUCT_BUNDLE_IDENTIFIER = com.alex.BeautifulCharts;
				PRODUCT_NAME = "$(TARGET_NAME)";
				SWIFT_VERSION = 4.2;
				TARGETED_DEVICE_FAMILY = "1,2";
			};
			name = Debug;
		};
		FA9EA6C922393C51001FB5F3 /* Release */ = {
			isa = XCBuildConfiguration;
			buildSettings = {
				ASSETCATALOG_COMPILER_APPICON_NAME = AppIcon;
				CODE_SIGN_STYLE = Automatic;
				DEVELOPMENT_TEAM = JDQG5G8BQX;
				INFOPLIST_FILE = BeautifulCharts/Info.plist;
				LD_RUNPATH_SEARCH_PATHS = (
					"$(inherited)",
					"@executable_path/Frameworks",
				);
				PRODUCT_BUNDLE_IDENTIFIER = com.alex.BeautifulCharts;
				PRODUCT_NAME = "$(TARGET_NAME)";
				SWIFT_VERSION = 4.2;
				TARGETED_DEVICE_FAMILY = "1,2";
			};
			name = Release;
		};
/* End XCBuildConfiguration section */

/* Begin XCConfigurationList section */
		FA9EA6B022393C50001FB5F3 /* Build configuration list for PBXProject "BeautifulCharts" */ = {
			isa = XCConfigurationList;
			buildConfigurations = (
				FA9EA6C522393C51001FB5F3 /* Debug */,
				FA9EA6C622393C51001FB5F3 /* Release */,
			);
			defaultConfigurationIsVisible = 0;
			defaultConfigurationName = Release;
		};
		FA9EA6C722393C51001FB5F3 /* Build configuration list for PBXNativeTarget "BeautifulCharts" */ = {
			isa = XCConfigurationList;
			buildConfigurations = (
				FA9EA6C822393C51001FB5F3 /* Debug */,
				FA9EA6C922393C51001FB5F3 /* Release */,
			);
			defaultConfigurationIsVisible = 0;
			defaultConfigurationName = Release;
		};
/* End XCConfigurationList section */
	};
	rootObject = FA9EA6AD22393C50001FB5F3 /* Project object */;
}
