// !$*UTF8*$!
{
	archiveVersion = 1;
	classes = {
	};
	objectVersion = 50;
	objects = {

/* Begin PBXBuildFile section */
		FA1775B5223975CC005A24D3 /* UIView+Edges.swift in Sources */ = {isa = PBXBuildFile; fileRef = FA1775B4223975CC005A24D3 /* UIView+Edges.swift */; };
		FA1775B722397B71005A24D3 /* LineChartView.swift in Sources */ = {isa = PBXBuildFile; fileRef = FA1775B622397B71005A24D3 /* LineChartView.swift */; };
		FA22F5A522457F8700E1DC2F /* ValuePopupView.swift in Sources */ = {isa = PBXBuildFile; fileRef = FA22F5A422457F8700E1DC2F /* ValuePopupView.swift */; };
		FA36CFF7223E38FA004C8DC5 /* ChartTableViewCell.swift in Sources */ = {isa = PBXBuildFile; fileRef = FA36CFF6223E38FA004C8DC5 /* ChartTableViewCell.swift */; };
		FA42A83B223A9E930095F058 /* ChartBaseView.swift in Sources */ = {isa = PBXBuildFile; fileRef = FA42A83A223A9E930095F058 /* ChartBaseView.swift */; };
		FA42A83E223AD72E0095F058 /* ChartDateSliderView.swift in Sources */ = {isa = PBXBuildFile; fileRef = FA42A83D223AD72E0095F058 /* ChartDateSliderView.swift */; };
		FA42A840223AE43D0095F058 /* ChartDateSliderThumbView.swift in Sources */ = {isa = PBXBuildFile; fileRef = FA42A83F223AE43D0095F058 /* ChartDateSliderThumbView.swift */; };
		FA595A8D223B92AD00139F69 /* UIImage+Icons.swift in Sources */ = {isa = PBXBuildFile; fileRef = FA595A8C223B92AD00139F69 /* UIImage+Icons.swift */; };
		FA9D0A52223DB7170009325B /* NSObject+Appearance.swift in Sources */ = {isa = PBXBuildFile; fileRef = FA9D0A4F223DB7170009325B /* NSObject+Appearance.swift */; };
		FA9D0A53223DB7170009325B /* Theme.swift in Sources */ = {isa = PBXBuildFile; fileRef = FA9D0A50223DB7170009325B /* Theme.swift */; };
		FA9D0A54223DB7170009325B /* UIColor+Appearance.swift in Sources */ = {isa = PBXBuildFile; fileRef = FA9D0A51223DB7170009325B /* UIColor+Appearance.swift */; };
		FA9D0A5C223DB7B60009325B /* AppearanceTableView.swift in Sources */ = {isa = PBXBuildFile; fileRef = FA9D0A56223DB7B60009325B /* AppearanceTableView.swift */; };
		FA9D0A5D223DB7B60009325B /* AppearanceTableViewCell.swift in Sources */ = {isa = PBXBuildFile; fileRef = FA9D0A57223DB7B60009325B /* AppearanceTableViewCell.swift */; };
		FA9D0A5E223DB7B60009325B /* AppearanceView.swift in Sources */ = {isa = PBXBuildFile; fileRef = FA9D0A58223DB7B60009325B /* AppearanceView.swift */; };
		FA9D0A5F223DB7B60009325B /* AppearanceNavigationBar.swift in Sources */ = {isa = PBXBuildFile; fileRef = FA9D0A59223DB7B60009325B /* AppearanceNavigationBar.swift */; };
		FA9D0A60223DB7B60009325B /* AppearanceViewController.swift in Sources */ = {isa = PBXBuildFile; fileRef = FA9D0A5A223DB7B60009325B /* AppearanceViewController.swift */; };
		FA9EA6B922393C50001FB5F3 /* AppDelegate.swift in Sources */ = {isa = PBXBuildFile; fileRef = FA9EA6B822393C50001FB5F3 /* AppDelegate.swift */; };
		FA9EA6BB22393C50001FB5F3 /* ChartsViewController.swift in Sources */ = {isa = PBXBuildFile; fileRef = FA9EA6BA22393C50001FB5F3 /* ChartsViewController.swift */; };
		FA9EA6C022393C51001FB5F3 /* Assets.xcassets in Resources */ = {isa = PBXBuildFile; fileRef = FA9EA6BF22393C51001FB5F3 /* Assets.xcassets */; };
		FA9EA6C322393C51001FB5F3 /* LaunchScreen.storyboard in Resources */ = {isa = PBXBuildFile; fileRef = FA9EA6C122393C51001FB5F3 /* LaunchScreen.storyboard */; };
		FA9EA6CB22393FFB001FB5F3 /* chart_data.json in Resources */ = {isa = PBXBuildFile; fileRef = FA9EA6CA22393FFB001FB5F3 /* chart_data.json */; };
		FA9EA6CE2239414B001FB5F3 /* ChartData.swift in Sources */ = {isa = PBXBuildFile; fileRef = FA9EA6CD2239414B001FB5F3 /* ChartData.swift */; };
		FA9EA6D3223946C4001FB5F3 /* Configurable.swift in Sources */ = {isa = PBXBuildFile; fileRef = FA9EA6D1223946C4001FB5F3 /* Configurable.swift */; };
		FA9EA6D4223946C4001FB5F3 /* MakeView.swift in Sources */ = {isa = PBXBuildFile; fileRef = FA9EA6D2223946C4001FB5F3 /* MakeView.swift */; };
		FA9EA6D62239470F001FB5F3 /* UITableView+Register.swift in Sources */ = {isa = PBXBuildFile; fileRef = FA9EA6D52239470F001FB5F3 /* UITableView+Register.swift */; };
		FA9EA6D822394717001FB5F3 /* UIColor+Hex.swift in Sources */ = {isa = PBXBuildFile; fileRef = FA9EA6D722394717001FB5F3 /* UIColor+Hex.swift */; };
		FA9EA6DB22394721001FB5F3 /* NSLayoutConstraint+Priority.swift in Sources */ = {isa = PBXBuildFile; fileRef = FA9EA6D922394721001FB5F3 /* NSLayoutConstraint+Priority.swift */; };
		FA9EA6DC22394721001FB5F3 /* NSLayoutConstraint+Activate.swift in Sources */ = {isa = PBXBuildFile; fileRef = FA9EA6DA22394721001FB5F3 /* NSLayoutConstraint+Activate.swift */; };
		FA9EA6DE2239479B001FB5F3 /* DynamicCodingKey.swift in Sources */ = {isa = PBXBuildFile; fileRef = FA9EA6DD2239479B001FB5F3 /* DynamicCodingKey.swift */; };
		FA9EA6E122396737001FB5F3 /* ChartView.swift in Sources */ = {isa = PBXBuildFile; fileRef = FA9EA6E022396737001FB5F3 /* ChartView.swift */; };
		FA9EA6E32239681B001FB5F3 /* LineSelectorView.swift in Sources */ = {isa = PBXBuildFile; fileRef = FA9EA6E22239681B001FB5F3 /* LineSelectorView.swift */; };
		FAD3671C2243C84000FD8EF4 /* AppearanceLabel.swift in Sources */ = {isa = PBXBuildFile; fileRef = FAD3671B2243C84000FD8EF4 /* AppearanceLabel.swift */; };
/* End PBXBuildFile section */

/* Begin PBXFileReference section */
		FA1775B4223975CC005A24D3 /* UIView+Edges.swift */ = {isa = PBXFileReference; fileEncoding = 4; lastKnownFileType = sourcecode.swift; path = "UIView+Edges.swift"; sourceTree = "<group>"; };
		FA1775B622397B71005A24D3 /* LineChartView.swift */ = {isa = PBXFileReference; lastKnownFileType = sourcecode.swift; path = LineChartView.swift; sourceTree = "<group>"; };
		FA22F5A422457F8700E1DC2F /* ValuePopupView.swift */ = {isa = PBXFileReference; lastKnownFileType = sourcecode.swift; path = ValuePopupView.swift; sourceTree = "<group>"; };
		FA36CFF6223E38FA004C8DC5 /* ChartTableViewCell.swift */ = {isa = PBXFileReference; lastKnownFileType = sourcecode.swift; path = ChartTableViewCell.swift; sourceTree = "<group>"; };
		FA42A83A223A9E930095F058 /* ChartBaseView.swift */ = {isa = PBXFileReference; lastKnownFileType = sourcecode.swift; path = ChartBaseView.swift; sourceTree = "<group>"; };
		FA42A83D223AD72E0095F058 /* ChartDateSliderView.swift */ = {isa = PBXFileReference; lastKnownFileType = sourcecode.swift; path = ChartDateSliderView.swift; sourceTree = "<group>"; };
		FA42A83F223AE43D0095F058 /* ChartDateSliderThumbView.swift */ = {isa = PBXFileReference; lastKnownFileType = sourcecode.swift; path = ChartDateSliderThumbView.swift; sourceTree = "<group>"; };
		FA595A8C223B92AD00139F69 /* UIImage+Icons.swift */ = {isa = PBXFileReference; lastKnownFileType = sourcecode.swift; path = "UIImage+Icons.swift"; sourceTree = "<group>"; };
		FA9D0A4F223DB7170009325B /* NSObject+Appearance.swift */ = {isa = PBXFileReference; fileEncoding = 4; lastKnownFileType = sourcecode.swift; path = "NSObject+Appearance.swift"; sourceTree = "<group>"; };
		FA9D0A50223DB7170009325B /* Theme.swift */ = {isa = PBXFileReference; fileEncoding = 4; lastKnownFileType = sourcecode.swift; path = Theme.swift; sourceTree = "<group>"; };
		FA9D0A51223DB7170009325B /* UIColor+Appearance.swift */ = {isa = PBXFileReference; fileEncoding = 4; lastKnownFileType = sourcecode.swift; path = "UIColor+Appearance.swift"; sourceTree = "<group>"; };
		FA9D0A56223DB7B60009325B /* AppearanceTableView.swift */ = {isa = PBXFileReference; fileEncoding = 4; lastKnownFileType = sourcecode.swift; path = AppearanceTableView.swift; sourceTree = "<group>"; };
		FA9D0A57223DB7B60009325B /* AppearanceTableViewCell.swift */ = {isa = PBXFileReference; fileEncoding = 4; lastKnownFileType = sourcecode.swift; path = AppearanceTableViewCell.swift; sourceTree = "<group>"; };
		FA9D0A58223DB7B60009325B /* AppearanceView.swift */ = {isa = PBXFileReference; fileEncoding = 4; lastKnownFileType = sourcecode.swift; path = AppearanceView.swift; sourceTree = "<group>"; };
		FA9D0A59223DB7B60009325B /* AppearanceNavigationBar.swift */ = {isa = PBXFileReference; fileEncoding = 4; lastKnownFileType = sourcecode.swift; path = AppearanceNavigationBar.swift; sourceTree = "<group>"; };
		FA9D0A5A223DB7B60009325B /* AppearanceViewController.swift */ = {isa = PBXFileReference; fileEncoding = 4; lastKnownFileType = sourcecode.swift; path = AppearanceViewController.swift; sourceTree = "<group>"; };
		FA9EA6B522393C50001FB5F3 /* BeautifulCharts.app */ = {isa = PBXFileReference; explicitFileType = wrapper.application; includeInIndex = 0; path = BeautifulCharts.app; sourceTree = BUILT_PRODUCTS_DIR; };
		FA9EA6B822393C50001FB5F3 /* AppDelegate.swift */ = {isa = PBXFileReference; lastKnownFileType = sourcecode.swift; path = AppDelegate.swift; sourceTree = "<group>"; };
		FA9EA6BA22393C50001FB5F3 /* ChartsViewController.swift */ = {isa = PBXFileReference; lastKnownFileType = sourcecode.swift; path = ChartsViewController.swift; sourceTree = "<group>"; };
		FA9EA6BF22393C51001FB5F3 /* Assets.xcassets */ = {isa = PBXFileReference; lastKnownFileType = folder.assetcatalog; path = Assets.xcassets; sourceTree = "<group>"; };
		FA9EA6C222393C51001FB5F3 /* Base */ = {isa = PBXFileReference; lastKnownFileType = file.storyboard; name = Base; path = Base.lproj/LaunchScreen.storyboard; sourceTree = "<group>"; };
		FA9EA6C422393C51001FB5F3 /* Info.plist */ = {isa = PBXFileReference; lastKnownFileType = text.plist.xml; path = Info.plist; sourceTree = "<group>"; };
		FA9EA6CA22393FFB001FB5F3 /* chart_data.json */ = {isa = PBXFileReference; fileEncoding = 4; lastKnownFileType = text.json; path = chart_data.json; sourceTree = "<group>"; };
		FA9EA6CD2239414B001FB5F3 /* ChartData.swift */ = {isa = PBXFileReference; lastKnownFileType = sourcecode.swift; path = ChartData.swift; sourceTree = "<group>"; };
		FA9EA6D1223946C4001FB5F3 /* Configurable.swift */ = {isa = PBXFileReference; fileEncoding = 4; lastKnownFileType = sourcecode.swift; path = Configurable.swift; sourceTree = "<group>"; };
		FA9EA6D2223946C4001FB5F3 /* MakeView.swift */ = {isa = PBXFileReference; fileEncoding = 4; lastKnownFileType = sourcecode.swift; path = MakeView.swift; sourceTree = "<group>"; };
		FA9EA6D52239470F001FB5F3 /* UITableView+Register.swift */ = {isa = PBXFileReference; fileEncoding = 4; lastKnownFileType = sourcecode.swift; path = "UITableView+Register.swift"; sourceTree = "<group>"; };
		FA9EA6D722394717001FB5F3 /* UIColor+Hex.swift */ = {isa = PBXFileReference; fileEncoding = 4; lastKnownFileType = sourcecode.swift; path = "UIColor+Hex.swift"; sourceTree = "<group>"; };
		FA9EA6D922394721001FB5F3 /* NSLayoutConstraint+Priority.swift */ = {isa = PBXFileReference; fileEncoding = 4; lastKnownFileType = sourcecode.swift; path = "NSLayoutConstraint+Priority.swift"; sourceTree = "<group>"; };
		FA9EA6DA22394721001FB5F3 /* NSLayoutConstraint+Activate.swift */ = {isa = PBXFileReference; fileEncoding = 4; lastKnownFileType = sourcecode.swift; path = "NSLayoutConstraint+Activate.swift"; sourceTree = "<group>"; };
		FA9EA6DD2239479B001FB5F3 /* DynamicCodingKey.swift */ = {isa = PBXFileReference; lastKnownFileType = sourcecode.swift; path = DynamicCodingKey.swift; sourceTree = "<group>"; };
		FA9EA6E022396737001FB5F3 /* ChartView.swift */ = {isa = PBXFileReference; lastKnownFileType = sourcecode.swift; path = ChartView.swift; sourceTree = "<group>"; };
		FA9EA6E22239681B001FB5F3 /* LineSelectorView.swift */ = {isa = PBXFileReference; lastKnownFileType = sourcecode.swift; path = LineSelectorView.swift; sourceTree = "<group>"; };
		FAD3671B2243C84000FD8EF4 /* AppearanceLabel.swift */ = {isa = PBXFileReference; fileEncoding = 4; lastKnownFileType = sourcecode.swift; path = AppearanceLabel.swift; sourceTree = "<group>"; };
/* End PBXFileReference section */

/* Begin PBXFrameworksBuildPhase section */
		FA9EA6B222393C50001FB5F3 /* Frameworks */ = {
			isa = PBXFrameworksBuildPhase;
			buildActionMask = 2147483647;
			files = (
			);
			runOnlyForDeploymentPostprocessing = 0;
		};
/* End PBXFrameworksBuildPhase section */

/* Begin PBXGroup section */
		FA42A83C223AD7050095F058 /* ChartDateSlider */ = {
			isa = PBXGroup;
			children = (
				FA42A83D223AD72E0095F058 /* ChartDateSliderView.swift */,
				FA42A83F223AE43D0095F058 /* ChartDateSliderThumbView.swift */,
			);
			path = ChartDateSlider;
			sourceTree = "<group>";
		};
		FA595A8B223B917900139F69 /* LineSelector */ = {
			isa = PBXGroup;
			children = (
				FA9EA6E22239681B001FB5F3 /* LineSelectorView.swift */,
			);
			path = LineSelector;
			sourceTree = "<group>";
		};
		FA9D0A4D223DB6DE0009325B /* Theme */ = {
			isa = PBXGroup;
			children = (
				FA9D0A50223DB7170009325B /* Theme.swift */,
				FA9D0A4F223DB7170009325B /* NSObject+Appearance.swift */,
				FA9D0A51223DB7170009325B /* UIColor+Appearance.swift */,
				FA9D0A4E223DB6E40009325B /* Appearance */,
			);
			path = Theme;
			sourceTree = "<group>";
		};
		FA9D0A4E223DB6E40009325B /* Appearance */ = {
			isa = PBXGroup;
			children = (
				FA9D0A59223DB7B60009325B /* AppearanceNavigationBar.swift */,
				FA9D0A56223DB7B60009325B /* AppearanceTableView.swift */,
				FA9D0A57223DB7B60009325B /* AppearanceTableViewCell.swift */,
				FAD3671B2243C84000FD8EF4 /* AppearanceLabel.swift */,
				FA9D0A58223DB7B60009325B /* AppearanceView.swift */,
				FA9D0A5A223DB7B60009325B /* AppearanceViewController.swift */,
			);
			path = Appearance;
			sourceTree = "<group>";
		};
		FA9EA6AC22393C50001FB5F3 = {
			isa = PBXGroup;
			children = (
				FA9EA6B722393C50001FB5F3 /* BeautifulCharts */,
				FA9EA6B622393C50001FB5F3 /* Products */,
			);
			sourceTree = "<group>";
		};
		FA9EA6B622393C50001FB5F3 /* Products */ = {
			isa = PBXGroup;
			children = (
				FA9EA6B522393C50001FB5F3 /* BeautifulCharts.app */,
			);
			name = Products;
			sourceTree = "<group>";
		};
		FA9EA6B722393C50001FB5F3 /* BeautifulCharts */ = {
			isa = PBXGroup;
			children = (
				FA9D0A4D223DB6DE0009325B /* Theme */,
				FA9EA6D022394674001FB5F3 /* Extensions */,
				FA9EA6CF2239466E001FB5F3 /* Utils */,
				FA9EA6CC2239401A001FB5F3 /* Chart */,
				FA9EA6B822393C50001FB5F3 /* AppDelegate.swift */,
				FA9EA6BA22393C50001FB5F3 /* ChartsViewController.swift */,
				FA36CFF6223E38FA004C8DC5 /* ChartTableViewCell.swift */,
				FA9EA6CA22393FFB001FB5F3 /* chart_data.json */,
				FA9EA6BF22393C51001FB5F3 /* Assets.xcassets */,
				FA9EA6C122393C51001FB5F3 /* LaunchScreen.storyboard */,
				FA9EA6C422393C51001FB5F3 /* Info.plist */,
			);
			path = BeautifulCharts;
			sourceTree = "<group>";
		};
		FA9EA6CC2239401A001FB5F3 /* Chart */ = {
			isa = PBXGroup;
			children = (
				FA9EA6DF22396726001FB5F3 /* ChartView */,
				FA9EA6CD2239414B001FB5F3 /* ChartData.swift */,
			);
			path = Chart;
			sourceTree = "<group>";
		};
		FA9EA6CF2239466E001FB5F3 /* Utils */ = {
			isa = PBXGroup;
			children = (
				FA9EA6D1223946C4001FB5F3 /* Configurable.swift */,
				FA9EA6D2223946C4001FB5F3 /* MakeView.swift */,
				FA9EA6DD2239479B001FB5F3 /* DynamicCodingKey.swift */,
			);
			path = Utils;
			sourceTree = "<group>";
		};
		FA9EA6D022394674001FB5F3 /* Extensions */ = {
			isa = PBXGroup;
			children = (
				FA9EA6DA22394721001FB5F3 /* NSLayoutConstraint+Activate.swift */,
				FA9EA6D922394721001FB5F3 /* NSLayoutConstraint+Priority.swift */,
				FA1775B4223975CC005A24D3 /* UIView+Edges.swift */,
				FA9EA6D52239470F001FB5F3 /* UITableView+Register.swift */,
				FA9EA6D722394717001FB5F3 /* UIColor+Hex.swift */,
				FA595A8C223B92AD00139F69 /* UIImage+Icons.swift */,
			);
			path = Extensions;
			sourceTree = "<group>";
		};
		FA9EA6DF22396726001FB5F3 /* ChartView */ = {
			isa = PBXGroup;
			children = (
				FA595A8B223B917900139F69 /* LineSelector */,
				FA42A83C223AD7050095F058 /* ChartDateSlider */,
				FA9EA6E022396737001FB5F3 /* ChartView.swift */,
				FA42A83A223A9E930095F058 /* ChartBaseView.swift */,
				FA1775B622397B71005A24D3 /* LineChartView.swift */,
				FA22F5A422457F8700E1DC2F /* ValuePopupView.swift */,
			);
			path = ChartView;
			sourceTree = "<group>";
		};
/* End PBXGroup section */

/* Begin PBXNativeTarget section */
		FA9EA6B422393C50001FB5F3 /* BeautifulCharts */ = {
			isa = PBXNativeTarget;
			buildConfigurationList = FA9EA6C722393C51001FB5F3 /* Build configuration list for PBXNativeTarget "BeautifulCharts" */;
			buildPhases = (
				FA9EA6B122393C50001FB5F3 /* Sources */,
				FA9EA6B222393C50001FB5F3 /* Frameworks */,
				FA9EA6B322393C50001FB5F3 /* Resources */,
			);
			buildRules = (
			);
			dependencies = (
			);
			name = BeautifulCharts;
			productName = BeautifulCharts;
			productReference = FA9EA6B522393C50001FB5F3 /* BeautifulCharts.app */;
			productType = "com.apple.product-type.application";
		};
/* End PBXNativeTarget section */

/* Begin PBXProject section */
		FA9EA6AD22393C50001FB5F3 /* Project object */ = {
			isa = PBXProject;
			attributes = {
				LastSwiftUpdateCheck = 1010;
				LastUpgradeCheck = 1010;
				ORGANIZATIONNAME = Alexander;
				TargetAttributes = {
					FA9EA6B422393C50001FB5F3 = {
						CreatedOnToolsVersion = 10.1;
					};
				};
			};
			buildConfigurationList = FA9EA6B022393C50001FB5F3 /* Build configuration list for PBXProject "BeautifulCharts" */;
			compatibilityVersion = "Xcode 9.3";
			developmentRegion = en;
			hasScannedForEncodings = 0;
			knownRegions = (
				en,
				Base,
			);
			mainGroup = FA9EA6AC22393C50001FB5F3;
			productRefGroup = FA9EA6B622393C50001FB5F3 /* Products */;
			projectDirPath = "";
			projectRoot = "";
			targets = (
				FA9EA6B422393C50001FB5F3 /* BeautifulCharts */,
			);
		};
/* End PBXProject section */

/* Begin PBXResourcesBuildPhase section */
		FA9EA6B322393C50001FB5F3 /* Resources */ = {
			isa = PBXResourcesBuildPhase;
			buildActionMask = 2147483647;
			files = (
				FA9EA6C322393C51001FB5F3 /* LaunchScreen.storyboard in Resources */,
				FA9EA6C022393C51001FB5F3 /* Assets.xcassets in Resources */,
				FA9EA6CB22393FFB001FB5F3 /* chart_data.json in Resources */,
			);
			runOnlyForDeploymentPostprocessing = 0;
		};
/* End PBXResourcesBuildPhase section */

/* Begin PBXSourcesBuildPhase section */
		FA9EA6B122393C50001FB5F3 /* Sources */ = {
			isa = PBXSourcesBuildPhase;
			buildActionMask = 2147483647;
			files = (
				FA42A83E223AD72E0095F058 /* ChartDateSliderView.swift in Sources */,
				FA9EA6D822394717001FB5F3 /* UIColor+Hex.swift in Sources */,
				FA9D0A5D223DB7B60009325B /* AppearanceTableViewCell.swift in Sources */,
				FA9D0A60223DB7B60009325B /* AppearanceViewController.swift in Sources */,
				FA595A8D223B92AD00139F69 /* UIImage+Icons.swift in Sources */,
				FA1775B5223975CC005A24D3 /* UIView+Edges.swift in Sources */,
				FA9EA6D62239470F001FB5F3 /* UITableView+Register.swift in Sources */,
				FA9EA6D4223946C4001FB5F3 /* MakeView.swift in Sources */,
				FA36CFF7223E38FA004C8DC5 /* ChartTableViewCell.swift in Sources */,
				FA9D0A53223DB7170009325B /* Theme.swift in Sources */,
				FA9EA6DC22394721001FB5F3 /* NSLayoutConstraint+Activate.swift in Sources */,
				FA22F5A522457F8700E1DC2F /* ValuePopupView.swift in Sources */,
				FAD3671C2243C84000FD8EF4 /* AppearanceLabel.swift in Sources */,
				FA9D0A52223DB7170009325B /* NSObject+Appearance.swift in Sources */,
				FA9D0A54223DB7170009325B /* UIColor+Appearance.swift in Sources */,
				FA42A840223AE43D0095F058 /* ChartDateSliderThumbView.swift in Sources */,
				FA9EA6BB22393C50001FB5F3 /* ChartsViewController.swift in Sources */,
				FA9EA6CE2239414B001FB5F3 /* ChartData.swift in Sources */,
				FA9D0A5E223DB7B60009325B /* AppearanceView.swift in Sources */,
				FA9D0A5C223DB7B60009325B /* AppearanceTableView.swift in Sources */,
				FA9EA6D3223946C4001FB5F3 /* Configurable.swift in Sources */,
				FA42A83B223A9E930095F058 /* ChartBaseView.swift in Sources */,
				FA9EA6E122396737001FB5F3 /* ChartView.swift in Sources */,
				FA9EA6DE2239479B001FB5F3 /* DynamicCodingKey.swift in Sources */,
				FA9EA6B922393C50001FB5F3 /* AppDelegate.swift in Sources */,
				FA1775B722397B71005A24D3 /* LineChartView.swift in Sources */,
				FA9EA6E32239681B001FB5F3 /* LineSelectorView.swift in Sources */,
				FA9D0A5F223DB7B60009325B /* AppearanceNavigationBar.swift in Sources */,
				FA9EA6DB22394721001FB5F3 /* NSLayoutConstraint+Priority.swift in Sources */,
			);
			runOnlyForDeploymentPostprocessing = 0;
		};
/* End PBXSourcesBuildPhase section */

/* Begin PBXVariantGroup section */
		FA9EA6C122393C51001FB5F3 /* LaunchScreen.storyboard */ = {
			isa = PBXVariantGroup;
			children = (
				FA9EA6C222393C51001FB5F3 /* Base */,
			);
			name = LaunchScreen.storyboard;
			sourceTree = "<group>";
		};
/* End PBXVariantGroup section */

/* Begin XCBuildConfiguration section */
		FA9EA6C522393C51001FB5F3 /* Debug */ = {
			isa = XCBuildConfiguration;
			buildSettings = {
				ALWAYS_SEARCH_USER_PATHS = NO;
				CLANG_ANALYZER_NONNULL = YES;
				CLANG_ANALYZER_NUMBER_OBJECT_CONVERSION = YES_AGGRESSIVE;
				CLANG_CXX_LANGUAGE_STANDARD = "gnu++14";
				CLANG_CXX_LIBRARY = "libc++";
				CLANG_ENABLE_MODULES = YES;
				CLANG_ENABLE_OBJC_ARC = YES;
				CLANG_ENABLE_OBJC_WEAK = YES;
				CLANG_WARN_BLOCK_CAPTURE_AUTORELEASING = YES;
				CLANG_WARN_BOOL_CONVERSION = YES;
				CLANG_WARN_COMMA = YES;
				CLANG_WARN_CONSTANT_CONVERSION = YES;
				CLANG_WARN_DEPRECATED_OBJC_IMPLEMENTATIONS = YES;
				CLANG_WARN_DIRECT_OBJC_ISA_USAGE = YES_ERROR;
				CLANG_WARN_DOCUMENTATION_COMMENTS = YES;
				CLANG_WARN_EMPTY_BODY = YES;
				CLANG_WARN_ENUM_CONVERSION = YES;
				CLANG_WARN_INFINITE_RECURSION = YES;
				CLANG_WARN_INT_CONVERSION = YES;
				CLANG_WARN_NON_LITERAL_NULL_CONVERSION = YES;
				CLANG_WARN_OBJC_IMPLICIT_RETAIN_SELF = YES;
				CLANG_WARN_OBJC_LITERAL_CONVERSION = YES;
				CLANG_WARN_OBJC_ROOT_CLASS = YES_ERROR;
				CLANG_WARN_RANGE_LOOP_ANALYSIS = YES;
				CLANG_WARN_STRICT_PROTOTYPES = YES;
				CLANG_WARN_SUSPICIOUS_MOVE = YES;
				CLANG_WARN_UNGUARDED_AVAILABILITY = YES_AGGRESSIVE;
				CLANG_WARN_UNREACHABLE_CODE = YES;
				CLANG_WARN__DUPLICATE_METHOD_MATCH = YES;
				CODE_SIGN_IDENTITY = "iPhone Developer";
				COPY_PHASE_STRIP = NO;
				DEBUG_INFORMATION_FORMAT = dwarf;
				ENABLE_STRICT_OBJC_MSGSEND = YES;
				ENABLE_TESTABILITY = YES;
				GCC_C_LANGUAGE_STANDARD = gnu11;
				GCC_DYNAMIC_NO_PIC = NO;
				GCC_NO_COMMON_BLOCKS = YES;
				GCC_OPTIMIZATION_LEVEL = 0;
				GCC_PREPROCESSOR_DEFINITIONS = (
					"DEBUG=1",
					"$(inherited)",
				);
				GCC_WARN_64_TO_32_BIT_CONVERSION = YES;
				GCC_WARN_ABOUT_RETURN_TYPE = YES_ERROR;
				GCC_WARN_UNDECLARED_SELECTOR = YES;
				GCC_WARN_UNINITIALIZED_AUTOS = YES_AGGRESSIVE;
				GCC_WARN_UNUSED_FUNCTION = YES;
				GCC_WARN_UNUSED_VARIABLE = YES;
				IPHONEOS_DEPLOYMENT_TARGET = 12.1;
				MTL_ENABLE_DEBUG_INFO = INCLUDE_SOURCE;
				MTL_FAST_MATH = YES;
				ONLY_ACTIVE_ARCH = YES;
				SDKROOT = iphoneos;
				SWIFT_ACTIVE_COMPILATION_CONDITIONS = DEBUG;
				SWIFT_OPTIMIZATION_LEVEL = "-Onone";
			};
			name = Debug;
		};
		FA9EA6C622393C51001FB5F3 /* Release */ = {
			isa = XCBuildConfiguration;
			buildSettings = {
				ALWAYS_SEARCH_USER_PATHS = NO;
				CLANG_ANALYZER_NONNULL = YES;
				CLANG_ANALYZER_NUMBER_OBJECT_CONVERSION = YES_AGGRESSIVE;
				CLANG_CXX_LANGUAGE_STANDARD = "gnu++14";
				CLANG_CXX_LIBRARY = "libc++";
				CLANG_ENABLE_MODULES = YES;
				CLANG_ENABLE_OBJC_ARC = YES;
				CLANG_ENABLE_OBJC_WEAK = YES;
				CLANG_WARN_BLOCK_CAPTURE_AUTORELEASING = YES;
				CLANG_WARN_BOOL_CONVERSION = YES;
				CLANG_WARN_COMMA = YES;
				CLANG_WARN_CONSTANT_CONVERSION = YES;
				CLANG_WARN_DEPRECATED_OBJC_IMPLEMENTATIONS = YES;
				CLANG_WARN_DIRECT_OBJC_ISA_USAGE = YES_ERROR;
				CLANG_WARN_DOCUMENTATION_COMMENTS = YES;
				CLANG_WARN_EMPTY_BODY = YES;
				CLANG_WARN_ENUM_CONVERSION = YES;
				CLANG_WARN_INFINITE_RECURSION = YES;
				CLANG_WARN_INT_CONVERSION = YES;
				CLANG_WARN_NON_LITERAL_NULL_CONVERSION = YES;
				CLANG_WARN_OBJC_IMPLICIT_RETAIN_SELF = YES;
				CLANG_WARN_OBJC_LITERAL_CONVERSION = YES;
				CLANG_WARN_OBJC_ROOT_CLASS = YES_ERROR;
				CLANG_WARN_RANGE_LOOP_ANALYSIS = YES;
				CLANG_WARN_STRICT_PROTOTYPES = YES;
				CLANG_WARN_SUSPICIOUS_MOVE = YES;
				CLANG_WARN_UNGUARDED_AVAILABILITY = YES_AGGRESSIVE;
				CLANG_WARN_UNREACHABLE_CODE = YES;
				CLANG_WARN__DUPLICATE_METHOD_MATCH = YES;
				CODE_SIGN_IDENTITY = "iPhone Developer";
				COPY_PHASE_STRIP = NO;
				DEBUG_INFORMATION_FORMAT = "dwarf-with-dsym";
				ENABLE_NS_ASSERTIONS = NO;
				ENABLE_STRICT_OBJC_MSGSEND = YES;
				GCC_C_LANGUAGE_STANDARD = gnu11;
				GCC_NO_COMMON_BLOCKS = YES;
				GCC_WARN_64_TO_32_BIT_CONVERSION = YES;
				GCC_WARN_ABOUT_RETURN_TYPE = YES_ERROR;
				GCC_WARN_UNDECLARED_SELECTOR = YES;
				GCC_WARN_UNINITIALIZED_AUTOS = YES_AGGRESSIVE;
				GCC_WARN_UNUSED_FUNCTION = YES;
				GCC_WARN_UNUSED_VARIABLE = YES;
				IPHONEOS_DEPLOYMENT_TARGET = 12.1;
				MTL_ENABLE_DEBUG_INFO = NO;
				MTL_FAST_MATH = YES;
				SDKROOT = iphoneos;
				SWIFT_COMPILATION_MODE = wholemodule;
				SWIFT_OPTIMIZATION_LEVEL = "-O";
				VALIDATE_PRODUCT = YES;
			};
			name = Release;
		};
		FA9EA6C822393C51001FB5F3 /* Debug */ = {
			isa = XCBuildConfiguration;
			buildSettings = {
				ASSETCATALOG_COMPILER_APPICON_NAME = AppIcon;
				CODE_SIGN_IDENTITY = "iPhone Developer";
				CODE_SIGN_STYLE = Automatic;
				DEVELOPMENT_TEAM = JDQG5G8BQX;
				INFOPLIST_FILE = BeautifulCharts/Info.plist;
				IPHONEOS_DEPLOYMENT_TARGET = 10.0;
				LD_RUNPATH_SEARCH_PATHS = (
					"$(inherited)",
					"@executable_path/Frameworks",
				);
				PRODUCT_BUNDLE_IDENTIFIER = com.alex.BeautifulCharts;
				PRODUCT_NAME = "$(TARGET_NAME)";
				PROVISIONING_PROFILE_SPECIFIER = "";
				SWIFT_VERSION = 4.2;
				TARGETED_DEVICE_FAMILY = "1,2";
			};
			name = Debug;
		};
		FA9EA6C922393C51001FB5F3 /* Release */ = {
			isa = XCBuildConfiguration;
			buildSettings = {
				ASSETCATALOG_COMPILER_APPICON_NAME = AppIcon;
				CODE_SIGN_IDENTITY = "iPhone Developer";
				CODE_SIGN_STYLE = Automatic;
				DEVELOPMENT_TEAM = JDQG5G8BQX;
				INFOPLIST_FILE = BeautifulCharts/Info.plist;
				IPHONEOS_DEPLOYMENT_TARGET = 10.0;
				LD_RUNPATH_SEARCH_PATHS = (
					"$(inherited)",
					"@executable_path/Frameworks",
				);
				PRODUCT_BUNDLE_IDENTIFIER = com.alex.BeautifulCharts;
				PRODUCT_NAME = "$(TARGET_NAME)";
				PROVISIONING_PROFILE_SPECIFIER = "";
				SWIFT_VERSION = 4.2;
				TARGETED_DEVICE_FAMILY = "1,2";
			};
			name = Release;
		};
/* End XCBuildConfiguration section */

/* Begin XCConfigurationList section */
		FA9EA6B022393C50001FB5F3 /* Build configuration list for PBXProject "BeautifulCharts" */ = {
			isa = XCConfigurationList;
			buildConfigurations = (
				FA9EA6C522393C51001FB5F3 /* Debug */,
				FA9EA6C622393C51001FB5F3 /* Release */,
			);
			defaultConfigurationIsVisible = 0;
			defaultConfigurationName = Release;
		};
		FA9EA6C722393C51001FB5F3 /* Build configuration list for PBXNativeTarget "BeautifulCharts" */ = {
			isa = XCConfigurationList;
			buildConfigurations = (
				FA9EA6C822393C51001FB5F3 /* Debug */,
				FA9EA6C922393C51001FB5F3 /* Release */,
			);
			defaultConfigurationIsVisible = 0;
			defaultConfigurationName = Release;
		};
/* End XCConfigurationList section */
	};
	rootObject = FA9EA6AD22393C50001FB5F3 /* Project object */;
}
